
Microsoft Visual Studio Solution File, Format Version 12.00
# Visual Studio 2013
VisualStudioVersion = 12.0.30501.0
MinimumVisualStudioVersion = 10.0.40219.1
Project("{FAE04EC0-301F-11D3-BF4B-00C04F79EFBC}") = "01.Persons", "01.Persons\01.Persons.csproj", "{C2CE6834-A125-4122-811D-C59A3514ACA6}"
EndProject
Project("{FAE04EC0-301F-11D3-BF4B-00C04F79EFBC}") = "02.Laptop-Shop", "02.Laptop-Shop\02.Laptop-Shop.csproj", "{F56FE675-1B9D-48CC-BF60-5580C5979ACA}"
EndProject
Project("{FAE04EC0-301F-11D3-BF4B-00C04F79EFBC}") = "03.PC-Catalog", "03.PC-Catalog\03.PC-Catalog.csproj", "{92638EDA-F9CB-45CA-B70A-B512A5037066}"
EndProject
Global
	GlobalSection(SolutionConfigurationPlatforms) = preSolution
		Debug|Any CPU = Debug|Any CPU
		Release|Any CPU = Release|Any CPU
	EndGlobalSection
	GlobalSection(ProjectConfigurationPlatforms) = postSolution
		{C2CE6834-A125-4122-811D-C59A3514ACA6}.Debug|Any CPU.ActiveCfg = Debug|Any CPU
		{C2CE6834-A125-4122-811D-C59A3514ACA6}.Debug|Any CPU.Build.0 = Debug|Any CPU
		{C2CE6834-A125-4122-811D-C59A3514ACA6}.Release|Any CPU.ActiveCfg = Release|Any CPU
		{C2CE6834-A125-4122-811D-C59A3514ACA6}.Release|Any CPU.Build.0 = Release|Any CPU
		{F56FE675-1B9D-48CC-BF60-5580C5979ACA}.Debug|Any CPU.ActiveCfg = Debug|Any CPU
		{F56FE675-1B9D-48CC-BF60-5580C5979ACA}.Debug|Any CPU.Build.0 = Debug|Any CPU
		{F56FE675-1B9D-48CC-BF60-5580C5979ACA}.Release|Any CPU.ActiveCfg = Release|Any CPU
		{F56FE675-1B9D-48CC-BF60-5580C5979ACA}.Release|Any CPU.Build.0 = Release|Any CPU
		{92638EDA-F9CB-45CA-B70A-B512A5037066}.Debug|Any CPU.ActiveCfg = Debug|Any CPU
		{92638EDA-F9CB-45CA-B70A-B512A5037066}.Debug|Any CPU.Build.0 = Debug|Any CPU
		{92638EDA-F9CB-45CA-B70A-B512A5037066}.Release|Any CPU.ActiveCfg = Release|Any CPU
		{92638EDA-F9CB-45CA-B70A-B512A5037066}.Release|Any CPU.Build.0 = Release|Any CPU
	EndGlobalSection
	GlobalSection(SolutionProperties) = preSolution
		HideSolutionNode = FALSE
	EndGlobalSection
EndGlobal
